
Microsoft Visual Studio Solution File, Format Version 12.00
# Visual Studio 2013
VisualStudioVersion = 12.0.30723.0
MinimumVisualStudioVersion = 10.0.40219.1
Project("{FAE04EC0-301F-11D3-BF4B-00C04F79EFBC}") = "SignalR.Backplane.NetMQ", "SignalR.Backplane.NetMQ\SignalR.Backplane.NetMQ.csproj", "{492B864D-CB4D-468D-AB31-B5C2DD1B7AD3}"
EndProject
Project("{FAE04EC0-301F-11D3-BF4B-00C04F79EFBC}") = "SignalR.Backplane.NetMQ.Tests", "SignalR.Backplane.NetMQ.Tests\SignalR.Backplane.NetMQ.Tests.csproj", "{A95F52BC-F27A-436A-B60E-71E63631C70E}"
EndProject
Project("{FAE04EC0-301F-11D3-BF4B-00C04F79EFBC}") = "SampleServer", "SampleServer\SampleServer.csproj", "{9C499B0A-92B9-4B2F-B1C1-CEC8E7B2ADAE}"
EndProject
Project("{FAE04EC0-301F-11D3-BF4B-00C04F79EFBC}") = "SampleClient", "SampleClient\SampleClient.csproj", "{705B729B-213B-45F6-B5A5-91D7C188BF98}"
EndProject
Global
	GlobalSection(SolutionConfigurationPlatforms) = preSolution
		Debug|Any CPU = Debug|Any CPU
		Release|Any CPU = Release|Any CPU
	EndGlobalSection
	GlobalSection(ProjectConfigurationPlatforms) = postSolution
		{492B864D-CB4D-468D-AB31-B5C2DD1B7AD3}.Debug|Any CPU.ActiveCfg = Debug|Any CPU
		{492B864D-CB4D-468D-AB31-B5C2DD1B7AD3}.Debug|Any CPU.Build.0 = Debug|Any CPU
		{492B864D-CB4D-468D-AB31-B5C2DD1B7AD3}.Release|Any CPU.ActiveCfg = Release|Any CPU
		{492B864D-CB4D-468D-AB31-B5C2DD1B7AD3}.Release|Any CPU.Build.0 = Release|Any CPU
		{A95F52BC-F27A-436A-B60E-71E63631C70E}.Debug|Any CPU.ActiveCfg = Debug|Any CPU
		{A95F52BC-F27A-436A-B60E-71E63631C70E}.Debug|Any CPU.Build.0 = Debug|Any CPU
		{A95F52BC-F27A-436A-B60E-71E63631C70E}.Release|Any CPU.ActiveCfg = Release|Any CPU
		{A95F52BC-F27A-436A-B60E-71E63631C70E}.Release|Any CPU.Build.0 = Release|Any CPU
		{9C499B0A-92B9-4B2F-B1C1-CEC8E7B2ADAE}.Debug|Any CPU.ActiveCfg = Debug|Any CPU
		{9C499B0A-92B9-4B2F-B1C1-CEC8E7B2ADAE}.Debug|Any CPU.Build.0 = Debug|Any CPU
		{9C499B0A-92B9-4B2F-B1C1-CEC8E7B2ADAE}.Release|Any CPU.ActiveCfg = Release|Any CPU
		{9C499B0A-92B9-4B2F-B1C1-CEC8E7B2ADAE}.Release|Any CPU.Build.0 = Release|Any CPU
		{705B729B-213B-45F6-B5A5-91D7C188BF98}.Debug|Any CPU.ActiveCfg = Debug|Any CPU
		{705B729B-213B-45F6-B5A5-91D7C188BF98}.Debug|Any CPU.Build.0 = Debug|Any CPU
		{705B729B-213B-45F6-B5A5-91D7C188BF98}.Release|Any CPU.ActiveCfg = Release|Any CPU
		{705B729B-213B-45F6-B5A5-91D7C188BF98}.Release|Any CPU.Build.0 = Release|Any CPU
	EndGlobalSection
	GlobalSection(SolutionProperties) = preSolution
		HideSolutionNode = FALSE
	EndGlobalSection
EndGlobal
